
Microsoft Visual Studio Solution File, Format Version 12.00
# Visual Studio 2013
VisualStudioVersion = 12.0.31101.0
MinimumVisualStudioVersion = 10.0.40219.1
Project("{FAE04EC0-301F-11D3-BF4B-00C04F79EFBC}") = "01_GalacticGPS", "01_GalacticGPS\01_GalacticGPS.csproj", "{BF1E4210-8FA1-4532-B332-EEA487B9878C}"
EndProject
Project("{FAE04EC0-301F-11D3-BF4B-00C04F79EFBC}") = "02_FractionCalculator", "02_FractionCalculator\02_FractionCalculator.csproj", "{D910D70A-8579-43C2-A11B-36EB7762FE0F}"
EndProject
Project("{FAE04EC0-301F-11D3-BF4B-00C04F79EFBC}") = "03_GenericList", "03_GenericList\03_GenericList.csproj", "{AE415E5E-B212-4D9D-8B02-5035E26A7905}"
EndProject
Global
	GlobalSection(SolutionConfigurationPlatforms) = preSolution
		Debug|Any CPU = Debug|Any CPU
		Release|Any CPU = Release|Any CPU
	EndGlobalSection
	GlobalSection(ProjectConfigurationPlatforms) = postSolution
		{BF1E4210-8FA1-4532-B332-EEA487B9878C}.Debug|Any CPU.ActiveCfg = Debug|Any CPU
		{BF1E4210-8FA1-4532-B332-EEA487B9878C}.Debug|Any CPU.Build.0 = Debug|Any CPU
		{BF1E4210-8FA1-4532-B332-EEA487B9878C}.Release|Any CPU.ActiveCfg = Release|Any CPU
		{BF1E4210-8FA1-4532-B332-EEA487B9878C}.Release|Any CPU.Build.0 = Release|Any CPU
		{D910D70A-8579-43C2-A11B-36EB7762FE0F}.Debug|Any CPU.ActiveCfg = Debug|Any CPU
		{D910D70A-8579-43C2-A11B-36EB7762FE0F}.Debug|Any CPU.Build.0 = Debug|Any CPU
		{D910D70A-8579-43C2-A11B-36EB7762FE0F}.Release|Any CPU.ActiveCfg = Release|Any CPU
		{D910D70A-8579-43C2-A11B-36EB7762FE0F}.Release|Any CPU.Build.0 = Release|Any CPU
		{AE415E5E-B212-4D9D-8B02-5035E26A7905}.Debug|Any CPU.ActiveCfg = Debug|Any CPU
		{AE415E5E-B212-4D9D-8B02-5035E26A7905}.Debug|Any CPU.Build.0 = Debug|Any CPU
		{AE415E5E-B212-4D9D-8B02-5035E26A7905}.Release|Any CPU.ActiveCfg = Release|Any CPU
		{AE415E5E-B212-4D9D-8B02-5035E26A7905}.Release|Any CPU.Build.0 = Release|Any CPU
	EndGlobalSection
	GlobalSection(SolutionProperties) = preSolution
		HideSolutionNode = FALSE
	EndGlobalSection
EndGlobal
